
Microsoft Visual Studio Solution File, Format Version 12.00
# Visual Studio Version 17
VisualStudioVersion = 17.5.002.0
MinimumVisualStudioVersion = 10.0.40219.1
Project("{9A19103F-16F7-4668-BE54-9A1E7A4F7556}") = "App006", "App006.csproj", "{A7BD1149-C37B-431F-BD3B-283D171DD59B}"
EndProject
Global
	GlobalSection(SolutionConfigurationPlatforms) = preSolution
		Debug|Any CPU = Debug|Any CPU
		Release|Any CPU = Release|Any CPU
	EndGlobalSection
	GlobalSection(ProjectConfigurationPlatforms) = postSolution
		{A7BD1149-C37B-431F-BD3B-283D171DD59B}.Debug|Any CPU.ActiveCfg = Debug|Any CPU
		{A7BD1149-C37B-431F-BD3B-283D171DD59B}.Debug|Any CPU.Build.0 = Debug|Any CPU
		{A7BD1149-C37B-431F-BD3B-283D171DD59B}.Release|Any CPU.ActiveCfg = Release|Any CPU
		{A7BD1149-C37B-431F-BD3B-283D171DD59B}.Release|Any CPU.Build.0 = Release|Any CPU
	EndGlobalSection
	GlobalSection(SolutionProperties) = preSolution
		HideSolutionNode = FALSE
	EndGlobalSection
	GlobalSection(ExtensibilityGlobals) = postSolution
		SolutionGuid = {09926689-43ED-4780-8D95-D392E9A363B6}
	EndGlobalSection
EndGlobal
